
Microsoft Visual Studio Solution File, Format Version 12.00
# Visual Studio Version 16
VisualStudioVersion = 16.0.31112.23
MinimumVisualStudioVersion = 10.0.40219.1
Project("{9A19103F-16F7-4668-BE54-9A1E7A4F7556}") = "FrontEnd", "FrontEnd\FrontEnd.csproj", "{243259A5-BCCA-4E96-9C3E-FB252B023CBD}"
EndProject
Project("{9A19103F-16F7-4668-BE54-9A1E7A4F7556}") = "BackEnd", "BackEnd\BackEnd.csproj", "{104873F7-9AEA-4615-8B97-D8FBFF898D3B}"
EndProject
Project("{2150E333-8FDC-42A3-9474-1A3956D46DE8}") = "HamsterData", "HamsterData", "{73CF432A-FB42-487D-90F8-FE33FF3FEE29}"
	ProjectSection(SolutionItems) = preProject
		Hamsterlista30.csv = Hamsterlista30.csv
	EndProjectSection
EndProject
Project("{2150E333-8FDC-42A3-9474-1A3956D46DE8}") = "Misc", "Misc", "{A30C4AB6-D0C8-4A27-88F1-23F072076133}"
	ProjectSection(SolutionItems) = preProject
		ToDo.txt = ToDo.txt
	EndProjectSection
EndProject
Project("{FAE04EC0-301F-11D3-BF4B-00C04F79EFBC}") = "FrontEnd_Forms", "FrontEnd_Forms\FrontEnd_Forms.csproj", "{763C0FFB-EA75-4F0F-8D51-4E7D51311F6D}"
EndProject
Global
	GlobalSection(SolutionConfigurationPlatforms) = preSolution
		Debug|Any CPU = Debug|Any CPU
		Release|Any CPU = Release|Any CPU
	EndGlobalSection
	GlobalSection(ProjectConfigurationPlatforms) = postSolution
		{243259A5-BCCA-4E96-9C3E-FB252B023CBD}.Debug|Any CPU.ActiveCfg = Debug|Any CPU
		{243259A5-BCCA-4E96-9C3E-FB252B023CBD}.Debug|Any CPU.Build.0 = Debug|Any CPU
		{243259A5-BCCA-4E96-9C3E-FB252B023CBD}.Release|Any CPU.ActiveCfg = Release|Any CPU
		{243259A5-BCCA-4E96-9C3E-FB252B023CBD}.Release|Any CPU.Build.0 = Release|Any CPU
		{104873F7-9AEA-4615-8B97-D8FBFF898D3B}.Debug|Any CPU.ActiveCfg = Debug|Any CPU
		{104873F7-9AEA-4615-8B97-D8FBFF898D3B}.Debug|Any CPU.Build.0 = Debug|Any CPU
		{104873F7-9AEA-4615-8B97-D8FBFF898D3B}.Release|Any CPU.ActiveCfg = Release|Any CPU
		{104873F7-9AEA-4615-8B97-D8FBFF898D3B}.Release|Any CPU.Build.0 = Release|Any CPU
		{763C0FFB-EA75-4F0F-8D51-4E7D51311F6D}.Debug|Any CPU.ActiveCfg = Debug|Any CPU
		{763C0FFB-EA75-4F0F-8D51-4E7D51311F6D}.Debug|Any CPU.Build.0 = Debug|Any CPU
		{763C0FFB-EA75-4F0F-8D51-4E7D51311F6D}.Release|Any CPU.ActiveCfg = Release|Any CPU
		{763C0FFB-EA75-4F0F-8D51-4E7D51311F6D}.Release|Any CPU.Build.0 = Release|Any CPU
	EndGlobalSection
	GlobalSection(SolutionProperties) = preSolution
		HideSolutionNode = FALSE
	EndGlobalSection
	GlobalSection(ExtensibilityGlobals) = postSolution
		SolutionGuid = {F344BC2F-C8BC-4627-99C7-27B5132D963D}
	EndGlobalSection
EndGlobal
